
Microsoft Visual Studio Solution File, Format Version 12.00
# Visual Studio Version 17
VisualStudioVersion = 17.6.33829.357
MinimumVisualStudioVersion = 10.0.40219.1
Project("{FAE04EC0-301F-11D3-BF4B-00C04F79EFBC}") = "Match Details Management System", "Match Details Management System.csproj", "{B3A9FA67-7A3F-420F-A825-B743FFD9521B}"
EndProject
Global
	GlobalSection(SolutionConfigurationPlatforms) = preSolution
		Debug|Any CPU = Debug|Any CPU
		Release|Any CPU = Release|Any CPU
	EndGlobalSection
	GlobalSection(ProjectConfigurationPlatforms) = postSolution
		{B3A9FA67-7A3F-420F-A825-B743FFD9521B}.Debug|Any CPU.ActiveCfg = Debug|Any CPU
		{B3A9FA67-7A3F-420F-A825-B743FFD9521B}.Debug|Any CPU.Build.0 = Debug|Any CPU
		{B3A9FA67-7A3F-420F-A825-B743FFD9521B}.Release|Any CPU.ActiveCfg = Release|Any CPU
		{B3A9FA67-7A3F-420F-A825-B743FFD9521B}.Release|Any CPU.Build.0 = Release|Any CPU
	EndGlobalSection
	GlobalSection(SolutionProperties) = preSolution
		HideSolutionNode = FALSE
	EndGlobalSection
	GlobalSection(ExtensibilityGlobals) = postSolution
		SolutionGuid = {F6771081-FDCE-4D72-A184-699A9E69F813}
	EndGlobalSection
EndGlobal
